
Microsoft Visual Studio Solution File, Format Version 12.00
# Visual Studio Version 17
VisualStudioVersion = 17.0.31903.59
MinimumVisualStudioVersion = 10.0.40219.1
Project("{FAE04EC0-301F-11D3-BF4B-00C04F79EFBC}") = "ECommerce.Admin", "ECommerce.Admin\ECommerce.Admin.csproj", "{4E567E7E-4D1A-4041-BD0E-CC05519F789B}"
EndProject
Project("{FAE04EC0-301F-11D3-BF4B-00C04F79EFBC}") = "ECommerce.Client", "ECommerce.Client\ECommerce.Client.csproj", "{7F1F1104-6618-44F0-8A63-E9BA5A0355E4}"
EndProject
Project("{FAE04EC0-301F-11D3-BF4B-00C04F79EFBC}") = "ECommerce.Shared", "ECommerce.Shared\ECommerce.Shared.csproj", "{89ED1BAF-161F-4A09-9826-E870FF6FC59D}"
EndProject
Global
	GlobalSection(SolutionConfigurationPlatforms) = preSolution
		Debug|Any CPU = Debug|Any CPU
		Debug|x64 = Debug|x64
		Debug|x86 = Debug|x86
		Release|Any CPU = Release|Any CPU
		Release|x64 = Release|x64
		Release|x86 = Release|x86
	EndGlobalSection
	GlobalSection(ProjectConfigurationPlatforms) = postSolution
		{4E567E7E-4D1A-4041-BD0E-CC05519F789B}.Debug|Any CPU.ActiveCfg = Debug|Any CPU
		{4E567E7E-4D1A-4041-BD0E-CC05519F789B}.Debug|Any CPU.Build.0 = Debug|Any CPU
		{4E567E7E-4D1A-4041-BD0E-CC05519F789B}.Debug|x64.ActiveCfg = Debug|Any CPU
		{4E567E7E-4D1A-4041-BD0E-CC05519F789B}.Debug|x64.Build.0 = Debug|Any CPU
		{4E567E7E-4D1A-4041-BD0E-CC05519F789B}.Debug|x86.ActiveCfg = Debug|Any CPU
		{4E567E7E-4D1A-4041-BD0E-CC05519F789B}.Debug|x86.Build.0 = Debug|Any CPU
		{4E567E7E-4D1A-4041-BD0E-CC05519F789B}.Release|Any CPU.ActiveCfg = Release|Any CPU
		{4E567E7E-4D1A-4041-BD0E-CC05519F789B}.Release|Any CPU.Build.0 = Release|Any CPU
		{4E567E7E-4D1A-4041-BD0E-CC05519F789B}.Release|x64.ActiveCfg = Release|Any CPU
		{4E567E7E-4D1A-4041-BD0E-CC05519F789B}.Release|x64.Build.0 = Release|Any CPU
		{4E567E7E-4D1A-4041-BD0E-CC05519F789B}.Release|x86.ActiveCfg = Release|Any CPU
		{4E567E7E-4D1A-4041-BD0E-CC05519F789B}.Release|x86.Build.0 = Release|Any CPU
		{7F1F1104-6618-44F0-8A63-E9BA5A0355E4}.Debug|Any CPU.ActiveCfg = Debug|Any CPU
		{7F1F1104-6618-44F0-8A63-E9BA5A0355E4}.Debug|Any CPU.Build.0 = Debug|Any CPU
		{7F1F1104-6618-44F0-8A63-E9BA5A0355E4}.Debug|x64.ActiveCfg = Debug|Any CPU
		{7F1F1104-6618-44F0-8A63-E9BA5A0355E4}.Debug|x64.Build.0 = Debug|Any CPU
		{7F1F1104-6618-44F0-8A63-E9BA5A0355E4}.Debug|x86.ActiveCfg = Debug|Any CPU
		{7F1F1104-6618-44F0-8A63-E9BA5A0355E4}.Debug|x86.Build.0 = Debug|Any CPU
		{7F1F1104-6618-44F0-8A63-E9BA5A0355E4}.Release|Any CPU.ActiveCfg = Release|Any CPU
		{7F1F1104-6618-44F0-8A63-E9BA5A0355E4}.Release|Any CPU.Build.0 = Release|Any CPU		
		{7F1F1104-6618-44F0-8A63-E9BA5A0355E4}.Release|x64.ActiveCfg = Release|Any CPU
		{7F1F1104-6618-44F0-8A63-E9BA5A0355E4}.Release|x64.Build.0 = Release|Any CPU
		{7F1F1104-6618-44F0-8A63-E9BA5A0355E4}.Release|x86.ActiveCfg = Release|Any CPU
		{7F1F1104-6618-44F0-8A63-E9BA5A0355E4}.Release|x86.Build.0 = Release|Any CPU
		{89ED1BAF-161F-4A09-9826-E870FF6FC59D}.Debug|Any CPU.ActiveCfg = Debug|Any CPU
		{89ED1BAF-161F-4A09-9826-E870FF6FC59D}.Debug|Any CPU.Build.0 = Debug|Any CPU
		{89ED1BAF-161F-4A09-9826-E870FF6FC59D}.Debug|x64.ActiveCfg = Debug|Any CPU
		{89ED1BAF-161F-4A09-9826-E870FF6FC59D}.Debug|x64.Build.0 = Debug|Any CPU
		{89ED1BAF-161F-4A09-9826-E870FF6FC59D}.Debug|x86.ActiveCfg = Debug|Any CPU
		{89ED1BAF-161F-4A09-9826-E870FF6FC59D}.Debug|x86.Build.0 = Debug|Any CPU
		{89ED1BAF-161F-4A09-9826-E870FF6FC59D}.Release|Any CPU.ActiveCfg = Release|Any CPU
		{89ED1BAF-161F-4A09-9826-E870FF6FC59D}.Release|Any CPU.Build.0 = Release|Any CPU
		{89ED1BAF-161F-4A09-9826-E870FF6FC59D}.Release|x64.ActiveCfg = Release|Any CPU
		{89ED1BAF-161F-4A09-9826-E870FF6FC59D}.Release|x64.Build.0 = Release|Any CPU
		{89ED1BAF-161F-4A09-9826-E870FF6FC59D}.Release|x86.ActiveCfg = Release|Any CPU
		{89ED1BAF-161F-4A09-9826-E870FF6FC59D}.Release|x86.Build.0 = Release|Any CPU
	EndGlobalSection
	GlobalSection(SolutionProperties) = preSolution
		HideSolutionNode = FALSE
	EndGlobalSection
EndGlobal
